%{
  "mimic": {:hex, :mimic, "0.3.0", "584dfd5ac2ce3347f56b0de3b7906554e2f6020007efed37e721b968f27ebbc0", [:mix], [], "hexpm", "6e817cbd79bca8c70b90b1e3268fb54bbd0c89387e2143236f0233bf935cc5a1"},
  "phoenix_pubsub": {:hex, :phoenix_pubsub, "1.1.2", "496c303bdf1b2e98a9d26e89af5bba3ab487ba3a3735f74bf1f4064d2a845a3e", [:mix], [], "hexpm", "1f13f9f0f3e769a667a6b6828d29dec37497a082d195cc52dbef401a9b69bf38"},
  "swiss": {:hex, :swiss, "3.0.0", "dcdc50f394b454e51817eb52bdc2242df057c69ffe20e627e7a7926d4a0ee444", [:mix], [{:ecto, ">= 3.0.0", [hex: :ecto, repo: "hexpm", optional: true]}], "hexpm", "e471c5bcbbd8b5494195cd32571b3c18ba5b1f4299284abca6d2763378045e36"},
}
