%{
  "mimic": {:hex, :mimic, "0.3.0", "584dfd5ac2ce3347f56b0de3b7906554e2f6020007efed37e721b968f27ebbc0", [:mix], [], "hexpm"},
  "phoenix_pubsub": {:hex, :phoenix_pubsub, "1.1.2", "496c303bdf1b2e98a9d26e89af5bba3ab487ba3a3735f74bf1f4064d2a845a3e", [:mix], [], "hexpm"},
  "swiss": {:git, "https://github.com/myskoach/swiss.git", "541a03a63eba39f886c821ffa49cfbc7636b13bd", []},
}
